PODS:
  - Alamofire (4.9.0)
  - CLToast (1.0.3)
  - Differentiator (3.1.0)
  - MJRefresh (3.2.0)
  - Moya (12.0.1):
    - Moya/Core (= 12.0.1)
  - Moya-ObjectMapper/Core (2.8):
    - Moya (~> 12.0)
    - ObjectMapper (~> 3.4)
  - Moya-ObjectMapper/RxSwift (2.8):
    - Moya-ObjectMapper/Core
    - Moya/RxSwift
    - RxSwift (~> 4)
  - Moya/Core (12.0.1):
    - Alamofire (~> 4.1)
    - Result (~> 4.0)
  - Moya/RxSwift (12.0.1):
    - Moya/Core
    - RxSwift (~> 4.0)
  - "NSObject+Rx (4.4.1)":
    - RxSwift (~> 4.3)
  - ObjectMapper (3.5.1)
  - Result (4.1.0)
  - RxCocoa (4.5.0):
    - RxSwift (>= 4.4.2, ~> 4.4)
  - RxDataSources (3.1.0):
    - Differentiator (~> 3.0)
    - RxCocoa (~> 4.0)
    - RxSwift (~> 4.0)
  - RxSwift (4.5.0)
  - SnapKit (5.0.1)
  - SVProgressHUD (2.2.5)

DEPENDENCIES:
  - Alamofire
  - CLToast
  - MJRefresh
  - Moya-ObjectMapper/RxSwift
  - Moya/RxSwift
  - "NSObject+Rx"
  - ObjectMapper (~> 3.5)
  - RxCocoa
  - RxDataSources (~> 3.0)
  - RxSwift
  - SnapKit
  - SVProgressHUD

SPEC REPOS:
  https://github.com/cocoapods/specs.git:
    - Alamofire
    - CLToast
    - Differentiator
    - MJRefresh
    - Moya
    - Moya-ObjectMapper
    - "NSObject+Rx"
    - ObjectMapper
    - Result
    - RxCocoa
    - RxDataSources
    - RxSwift
    - SnapKit
    - SVProgressHUD

SPEC CHECKSUMS:
  Alamofire: afc3e7c6db61476cb45cdd23fed06bad03bbc321
  CLToast: 2e88c737d01eb44316e21ccc9ac485df8f5b35bf
  Differentiator: be49ca3408f0ecfc761e4c7763d20c62be01b9ad
  MJRefresh: ed450d6eb9d3346a2cb033ab7eb6de090aeef437
  Moya: cf730b3cd9e005401ef37a85143aa141a12fd38f
  Moya-ObjectMapper: c514b5eafcfd5e260f85f7a5bf66895a217e2b37
  "NSObject+Rx": 9884a92f19b610795c431e10b4e601913b59c9e9
  ObjectMapper: 70187b8941977c62ccfb423caf6b50be405cabf0
  Result: bd966fac789cc6c1563440b348ab2598cc24d5c7
  RxCocoa: cbf70265dc65a981d4ac982e513c10cf23df24a0
  RxDataSources: a843bad90c29817f5923ec8163f4af2de084ceb3
  RxSwift: f172070dfd1a93d70a9ab97a5a01166206e1c575
  SnapKit: 97b92857e3df3a0c71833cce143274bf6ef8e5eb
  SVProgressHUD: 1428aafac632c1f86f62aa4243ec12008d7a51d6

PODFILE CHECKSUM: 83738137031b4057713ae7bfc60c7505f230835b

COCOAPODS: 1.7.0
